%{
  "elixir_make": {:hex, :elixir_make, "0.8.4", "4960a03ce79081dee8fe119d80ad372c4e7badb84c493cc75983f9d3bc8bde0f", [:mix], [{:castore, "~> 0.1 or ~> 1.0", [hex: :castore, repo: "hexpm", optional: true]}, {:certifi, "~> 2.0", [hex: :certifi, repo: "hexpm", optional: true]}], "hexpm", "6e7f1d619b5f61dfabd0a20aa268e575572b542ac31723293a4c1a567d5ef040"},
  "input_event": {:hex, :input_event, "1.4.2", "8ad280387595110cf4ac4d92cfcfd2f5d61f7285084f35adc5feec077df23058", [:make, :mix], [{:elixir_make, "~> 0.6", [hex: :elixir_make, repo: "hexpm", optional: false]}], "hexpm", "eb12e3a5d83f2c570d965ad0a5de7bea7c9f387b425ae882c00f3a2a00971e3f"},
  "jason": {:hex, :jason, "1.4.4", "b9226785a9aa77b6857ca22832cffa5d5011a667207eb2a0ad56adb5db443b8a", [:mix], [{:decimal, "~> 1.0 or ~> 2.0", [hex: :decimal, repo: "hexpm", optional: true]}], "hexpm", "c5eb0cab91f094599f94d55bc63409236a8ec69a21a67814529e8d5f6cc90b3b"},
  "muontrap": {:hex, :muontrap, "1.5.0", "bf5c273872379968615a39974458328209ac97fa1f588396192131ff973d1ca2", [:make, :mix], [{:elixir_make, "~> 0.6", [hex: :elixir_make, repo: "hexpm", optional: false]}], "hexpm", "daf605e877f60b5be9215e3420d7971fc468677b29921e40915b15fd928273d4"},
  "nerves_time_zones": {:hex, :nerves_time_zones, "0.3.6", "b9a5fcfcce89179b39d5110da9ca2882c812d436a6b47407839d44bdab9361ba", [:make, :mix], [{:elixir_make, "~> 0.6", [hex: :elixir_make, repo: "hexpm", optional: false]}, {:zoneinfo, "~> 0.1.2", [hex: :zoneinfo, repo: "hexpm", optional: false]}], "hexpm", "1cde5bc38b1d166063df60a0d43239e6526ff26142db9ed5d27a2334c1bda373"},
  "yamerl": {:hex, :yamerl, "0.10.0", "4ff81fee2f1f6a46f1700c0d880b24d193ddb74bd14ef42cb0bcf46e81ef2f8e", [:rebar3], [], "hexpm", "346adb2963f1051dc837a2364e4acf6eb7d80097c0f53cbdc3046ec8ec4b4e6e"},
  "yaml_elixir": {:hex, :yaml_elixir, "2.11.0", "9e9ccd134e861c66b84825a3542a1c22ba33f338d82c07282f4f1f52d847bd50", [:mix], [{:yamerl, "~> 0.10", [hex: :yamerl, repo: "hexpm", optional: false]}], "hexpm", "53cc28357ee7eb952344995787f4bb8cc3cecbf189652236e9b163e8ce1bc242"},
  "zoneinfo": {:hex, :zoneinfo, "0.1.8", "add41f44e6f19d4d16d9eebe3261d6307c58bdbe7cc61ffb7b18cad346b0467f", [:mix], [], "hexpm", "3999755971bbf85f0c8c75a724be560199bb63406660585849f0eb680e2333f7"},
}
